
Microsoft Visual Studio Solution File, Format Version 12.00
# Visual Studio 14
VisualStudioVersion = 14.0.25420.1
MinimumVisualStudioVersion = 10.0.40219.1
Project("{8BC9CEB8-8B4A-11D0-8D11-00A0C91BC942}") = "mayaMotive_vs2015", "mayaMotive_vs2015.vcxproj", "{255C5774-EA96-4B88-B7E6-B40BE9EFC9CA}"
EndProject
Global
	GlobalSection(SolutionConfigurationPlatforms) = preSolution
		Debug|x64 = Debug|x64
		Release|x64 = Release|x64
	EndGlobalSection
	GlobalSection(ProjectConfigurationPlatforms) = postSolution
		{255C5774-EA96-4B88-B7E6-B40BE9EFC9CA}.Debug|x64.ActiveCfg = r2017|x64
		{255C5774-EA96-4B88-B7E6-B40BE9EFC9CA}.Debug|x64.Build.0 = r2017|x64
		{255C5774-EA96-4B88-B7E6-B40BE9EFC9CA}.Release|x64.ActiveCfg = r2017|x64
		{255C5774-EA96-4B88-B7E6-B40BE9EFC9CA}.Release|x64.Build.0 = r2017|x64
	EndGlobalSection
	GlobalSection(SolutionProperties) = preSolution
		HideSolutionNode = FALSE
	EndGlobalSection
EndGlobal
